
Microsoft Visual Studio Solution File, Format Version 12.00
# Visual Studio Version 16
VisualStudioVersion = 16.0.810.25
MinimumVisualStudioVersion = 10.0.40219.1
Project("{FAE04EC0-301F-11D3-BF4B-00C04F79EFBC}") = "fonenako-service", "fonenako-service.csproj", "{CFE0E7CA-BC75-4594-BD2F-DAB0322450D1}"
EndProject
Project("{FAE04EC0-301F-11D3-BF4B-00C04F79EFBC}") = "finenako-service-tests", "finenako-service-tests\finenako-service-tests.csproj", "{6333D5A1-A5AF-4D8F-A6A2-A39876490628}"
EndProject
Global
	GlobalSection(SolutionConfigurationPlatforms) = preSolution
		Debug|Any CPU = Debug|Any CPU
		Release|Any CPU = Release|Any CPU
	EndGlobalSection
	GlobalSection(ProjectConfigurationPlatforms) = postSolution
		{CFE0E7CA-BC75-4594-BD2F-DAB0322450D1}.Debug|Any CPU.ActiveCfg = Debug|Any CPU
		{CFE0E7CA-BC75-4594-BD2F-DAB0322450D1}.Debug|Any CPU.Build.0 = Debug|Any CPU
		{CFE0E7CA-BC75-4594-BD2F-DAB0322450D1}.Release|Any CPU.ActiveCfg = Release|Any CPU
		{CFE0E7CA-BC75-4594-BD2F-DAB0322450D1}.Release|Any CPU.Build.0 = Release|Any CPU
		{6333D5A1-A5AF-4D8F-A6A2-A39876490628}.Debug|Any CPU.ActiveCfg = Debug|Any CPU
		{6333D5A1-A5AF-4D8F-A6A2-A39876490628}.Debug|Any CPU.Build.0 = Debug|Any CPU
		{6333D5A1-A5AF-4D8F-A6A2-A39876490628}.Release|Any CPU.ActiveCfg = Release|Any CPU
		{6333D5A1-A5AF-4D8F-A6A2-A39876490628}.Release|Any CPU.Build.0 = Release|Any CPU
	EndGlobalSection
	GlobalSection(SolutionProperties) = preSolution
		HideSolutionNode = FALSE
	EndGlobalSection
	GlobalSection(ExtensibilityGlobals) = postSolution
		SolutionGuid = {0070A227-498E-4A91-9D07-B2908E183769}
	EndGlobalSection
EndGlobal
